
Microsoft Visual Studio Solution File, Format Version 12.00
# Visual Studio Version 17
VisualStudioVersion = 17.2.32602.215
MinimumVisualStudioVersion = 10.0.40219.1
Project("{FAE04EC0-301F-11D3-BF4B-00C04F79EFBC}") = "PurchasingRealEstate", "PurchasingRealEstate\PurchasingRealEstate.csproj", "{19EEED5B-CC73-40C6-A946-3689CB5559C1}"
EndProject
Global
	GlobalSection(SolutionConfigurationPlatforms) = preSolution
		Debug|Any CPU = Debug|Any CPU
		Release|Any CPU = Release|Any CPU
	EndGlobalSection
	GlobalSection(ProjectConfigurationPlatforms) = postSolution
		{19EEED5B-CC73-40C6-A946-3689CB5559C1}.Debug|Any CPU.ActiveCfg = Debug|Any CPU
		{19EEED5B-CC73-40C6-A946-3689CB5559C1}.Debug|Any CPU.Build.0 = Debug|Any CPU
		{19EEED5B-CC73-40C6-A946-3689CB5559C1}.Release|Any CPU.ActiveCfg = Release|Any CPU
		{19EEED5B-CC73-40C6-A946-3689CB5559C1}.Release|Any CPU.Build.0 = Release|Any CPU
	EndGlobalSection
	GlobalSection(SolutionProperties) = preSolution
		HideSolutionNode = FALSE
	EndGlobalSection
	GlobalSection(ExtensibilityGlobals) = postSolution
		SolutionGuid = {EACF646A-2FA1-4F46-B76B-6A98F3925D11}
	EndGlobalSection
EndGlobal
